
Microsoft Visual Studio Solution File, Format Version 12.00
# Visual Studio Version 17
VisualStudioVersion = 17.1.32210.238
MinimumVisualStudioVersion = 10.0.40219.1
Project("{9A19103F-16F7-4668-BE54-9A1E7A4F7556}") = "BlazorEcomApp.Server", "Server\BlazorEcomApp.Server.csproj", "{7190D77D-34C7-4188-940E-790653153C24}"
EndProject
Project("{9A19103F-16F7-4668-BE54-9A1E7A4F7556}") = "BlazorEcomApp.Client", "Client\BlazorEcomApp.Client.csproj", "{AD9F12D9-9FF7-4835-8583-F6E180E43C48}"
EndProject
Project("{9A19103F-16F7-4668-BE54-9A1E7A4F7556}") = "BlazorEcomApp.Shared", "Shared\BlazorEcomApp.Shared.csproj", "{FC2E61F7-980F-45E6-AA6D-54EB7D70B786}"
EndProject
Global
	GlobalSection(SolutionConfigurationPlatforms) = preSolution
		Debug|Any CPU = Debug|Any CPU
		Release|Any CPU = Release|Any CPU
	EndGlobalSection
	GlobalSection(ProjectConfigurationPlatforms) = postSolution
		{7190D77D-34C7-4188-940E-790653153C24}.Debug|Any CPU.ActiveCfg = Debug|Any CPU
		{7190D77D-34C7-4188-940E-790653153C24}.Debug|Any CPU.Build.0 = Debug|Any CPU
		{7190D77D-34C7-4188-940E-790653153C24}.Release|Any CPU.ActiveCfg = Release|Any CPU
		{7190D77D-34C7-4188-940E-790653153C24}.Release|Any CPU.Build.0 = Release|Any CPU
		{AD9F12D9-9FF7-4835-8583-F6E180E43C48}.Debug|Any CPU.ActiveCfg = Debug|Any CPU
		{AD9F12D9-9FF7-4835-8583-F6E180E43C48}.Debug|Any CPU.Build.0 = Debug|Any CPU
		{AD9F12D9-9FF7-4835-8583-F6E180E43C48}.Release|Any CPU.ActiveCfg = Release|Any CPU
		{AD9F12D9-9FF7-4835-8583-F6E180E43C48}.Release|Any CPU.Build.0 = Release|Any CPU
		{FC2E61F7-980F-45E6-AA6D-54EB7D70B786}.Debug|Any CPU.ActiveCfg = Debug|Any CPU
		{FC2E61F7-980F-45E6-AA6D-54EB7D70B786}.Debug|Any CPU.Build.0 = Debug|Any CPU
		{FC2E61F7-980F-45E6-AA6D-54EB7D70B786}.Release|Any CPU.ActiveCfg = Release|Any CPU
		{FC2E61F7-980F-45E6-AA6D-54EB7D70B786}.Release|Any CPU.Build.0 = Release|Any CPU
	EndGlobalSection
	GlobalSection(SolutionProperties) = preSolution
		HideSolutionNode = FALSE
	EndGlobalSection
	GlobalSection(ExtensibilityGlobals) = postSolution
		SolutionGuid = {A88ECFE7-F371-4B01-84D2-130AE84E6573}
	EndGlobalSection
EndGlobal
